
Microsoft Visual Studio Solution File, Format Version 12.00
# Visual Studio Version 17
VisualStudioVersion = 17.7.34024.191
MinimumVisualStudioVersion = 10.0.40219.1
Project("{FAE04EC0-301F-11D3-BF4B-00C04F79EFBC}") = "AlbergoEPICODE_MVC", "AlbergoEPICODE_MVC\AlbergoEPICODE_MVC.csproj", "{D57266A6-07F6-46AD-95DA-CE3E8ADD3D00}"
EndProject
Global
	GlobalSection(SolutionConfigurationPlatforms) = preSolution
		Debug|Any CPU = Debug|Any CPU
		Release|Any CPU = Release|Any CPU
	EndGlobalSection
	GlobalSection(ProjectConfigurationPlatforms) = postSolution
		{D57266A6-07F6-46AD-95DA-CE3E8ADD3D00}.Debug|Any CPU.ActiveCfg = Debug|Any CPU
		{D57266A6-07F6-46AD-95DA-CE3E8ADD3D00}.Debug|Any CPU.Build.0 = Debug|Any CPU
		{D57266A6-07F6-46AD-95DA-CE3E8ADD3D00}.Release|Any CPU.ActiveCfg = Release|Any CPU
		{D57266A6-07F6-46AD-95DA-CE3E8ADD3D00}.Release|Any CPU.Build.0 = Release|Any CPU
	EndGlobalSection
	GlobalSection(SolutionProperties) = preSolution
		HideSolutionNode = FALSE
	EndGlobalSection
	GlobalSection(ExtensibilityGlobals) = postSolution
		SolutionGuid = {A6B76456-5F31-4DC5-9248-90AB4F76F7C7}
	EndGlobalSection
EndGlobal
